
Microsoft Visual Studio Solution File, Format Version 12.00
# Visual Studio Version 17
VisualStudioVersion = 17.7.34221.43
MinimumVisualStudioVersion = 10.0.40219.1
Project("{FAE04EC0-301F-11D3-BF4B-00C04F79EFBC}") = "TvMaze.Project", "Test.TvMaze\TvMaze.Project.csproj", "{43E0A5F2-B02E-4C16-984C-0C939B6EAA7E}"
EndProject
Project("{9A19103F-16F7-4668-BE54-9A1E7A4F7556}") = "TestProject1", "TestProject1\TestProject1.csproj", "{0396B5DB-B077-4027-B4AF-1D7E2185E8E7}"
EndProject
Global
	GlobalSection(SolutionConfigurationPlatforms) = preSolution
		Debug|Any CPU = Debug|Any CPU
		PRODUCCION_BACKUP_TRAFICO|Any CPU = PRODUCCION_BACKUP_TRAFICO|Any CPU
		PRODUCCION_BACKUP|Any CPU = PRODUCCION_BACKUP|Any CPU
		PRODUCCION_PRE|Any CPU = PRODUCCION_PRE|Any CPU
		PRODUCCION|Any CPU = PRODUCCION|Any CPU
		Release|Any CPU = Release|Any CPU
		srvsam|Any CPU = srvsam|Any CPU
		TEST_ABAST|Any CPU = TEST_ABAST|Any CPU
		TEST_INT_CARGAS|Any CPU = TEST_INT_CARGAS|Any CPU
		TEST_INT|Any CPU = TEST_INT|Any CPU
		TEST_PRE|Any CPU = TEST_PRE|Any CPU
	EndGlobalSection
	GlobalSection(ProjectConfigurationPlatforms) = postSolution
		{43E0A5F2-B02E-4C16-984C-0C939B6EAA7E}.Debug|Any CPU.ActiveCfg = Debug|Any CPU
		{43E0A5F2-B02E-4C16-984C-0C939B6EAA7E}.Debug|Any CPU.Build.0 = Debug|Any CPU
		{43E0A5F2-B02E-4C16-984C-0C939B6EAA7E}.PRODUCCION_BACKUP_TRAFICO|Any CPU.ActiveCfg = PRODUCCION_BACKUP_TRAFICO|Any CPU
		{43E0A5F2-B02E-4C16-984C-0C939B6EAA7E}.PRODUCCION_BACKUP_TRAFICO|Any CPU.Build.0 = PRODUCCION_BACKUP_TRAFICO|Any CPU
		{43E0A5F2-B02E-4C16-984C-0C939B6EAA7E}.PRODUCCION_BACKUP|Any CPU.ActiveCfg = PRODUCCION_BACKUP|Any CPU
		{43E0A5F2-B02E-4C16-984C-0C939B6EAA7E}.PRODUCCION_BACKUP|Any CPU.Build.0 = PRODUCCION_BACKUP|Any CPU
		{43E0A5F2-B02E-4C16-984C-0C939B6EAA7E}.PRODUCCION_PRE|Any CPU.ActiveCfg = PRODUCCION_PRE|Any CPU
		{43E0A5F2-B02E-4C16-984C-0C939B6EAA7E}.PRODUCCION_PRE|Any CPU.Build.0 = PRODUCCION_PRE|Any CPU
		{43E0A5F2-B02E-4C16-984C-0C939B6EAA7E}.PRODUCCION|Any CPU.ActiveCfg = PRODUCCION|Any CPU
		{43E0A5F2-B02E-4C16-984C-0C939B6EAA7E}.PRODUCCION|Any CPU.Build.0 = PRODUCCION|Any CPU
		{43E0A5F2-B02E-4C16-984C-0C939B6EAA7E}.Release|Any CPU.ActiveCfg = Release|Any CPU
		{43E0A5F2-B02E-4C16-984C-0C939B6EAA7E}.Release|Any CPU.Build.0 = Release|Any CPU
		{43E0A5F2-B02E-4C16-984C-0C939B6EAA7E}.srvsam|Any CPU.ActiveCfg = srvsam|Any CPU
		{43E0A5F2-B02E-4C16-984C-0C939B6EAA7E}.srvsam|Any CPU.Build.0 = srvsam|Any CPU
		{43E0A5F2-B02E-4C16-984C-0C939B6EAA7E}.TEST_ABAST|Any CPU.ActiveCfg = TEST_ABAST|Any CPU
		{43E0A5F2-B02E-4C16-984C-0C939B6EAA7E}.TEST_ABAST|Any CPU.Build.0 = TEST_ABAST|Any CPU
		{43E0A5F2-B02E-4C16-984C-0C939B6EAA7E}.TEST_INT_CARGAS|Any CPU.ActiveCfg = TEST_INT_CARGAS|Any CPU
		{43E0A5F2-B02E-4C16-984C-0C939B6EAA7E}.TEST_INT_CARGAS|Any CPU.Build.0 = TEST_INT_CARGAS|Any CPU
		{43E0A5F2-B02E-4C16-984C-0C939B6EAA7E}.TEST_INT|Any CPU.ActiveCfg = TEST_INT|Any CPU
		{43E0A5F2-B02E-4C16-984C-0C939B6EAA7E}.TEST_INT|Any CPU.Build.0 = TEST_INT|Any CPU
		{43E0A5F2-B02E-4C16-984C-0C939B6EAA7E}.TEST_PRE|Any CPU.ActiveCfg = TEST_PRE|Any CPU
		{43E0A5F2-B02E-4C16-984C-0C939B6EAA7E}.TEST_PRE|Any CPU.Build.0 = TEST_PRE|Any CPU
		{0396B5DB-B077-4027-B4AF-1D7E2185E8E7}.Debug|Any CPU.ActiveCfg = Debug|Any CPU
		{0396B5DB-B077-4027-B4AF-1D7E2185E8E7}.Debug|Any CPU.Build.0 = Debug|Any CPU
		{0396B5DB-B077-4027-B4AF-1D7E2185E8E7}.PRODUCCION_BACKUP_TRAFICO|Any CPU.ActiveCfg = Debug|Any CPU
		{0396B5DB-B077-4027-B4AF-1D7E2185E8E7}.PRODUCCION_BACKUP_TRAFICO|Any CPU.Build.0 = Debug|Any CPU
		{0396B5DB-B077-4027-B4AF-1D7E2185E8E7}.PRODUCCION_BACKUP|Any CPU.ActiveCfg = Debug|Any CPU
		{0396B5DB-B077-4027-B4AF-1D7E2185E8E7}.PRODUCCION_BACKUP|Any CPU.Build.0 = Debug|Any CPU
		{0396B5DB-B077-4027-B4AF-1D7E2185E8E7}.PRODUCCION_PRE|Any CPU.ActiveCfg = Debug|Any CPU
		{0396B5DB-B077-4027-B4AF-1D7E2185E8E7}.PRODUCCION_PRE|Any CPU.Build.0 = Debug|Any CPU
		{0396B5DB-B077-4027-B4AF-1D7E2185E8E7}.PRODUCCION|Any CPU.ActiveCfg = Debug|Any CPU
		{0396B5DB-B077-4027-B4AF-1D7E2185E8E7}.PRODUCCION|Any CPU.Build.0 = Debug|Any CPU
		{0396B5DB-B077-4027-B4AF-1D7E2185E8E7}.Release|Any CPU.ActiveCfg = Release|Any CPU
		{0396B5DB-B077-4027-B4AF-1D7E2185E8E7}.Release|Any CPU.Build.0 = Release|Any CPU
		{0396B5DB-B077-4027-B4AF-1D7E2185E8E7}.srvsam|Any CPU.ActiveCfg = Debug|Any CPU
		{0396B5DB-B077-4027-B4AF-1D7E2185E8E7}.srvsam|Any CPU.Build.0 = Debug|Any CPU
		{0396B5DB-B077-4027-B4AF-1D7E2185E8E7}.TEST_ABAST|Any CPU.ActiveCfg = Debug|Any CPU
		{0396B5DB-B077-4027-B4AF-1D7E2185E8E7}.TEST_ABAST|Any CPU.Build.0 = Debug|Any CPU
		{0396B5DB-B077-4027-B4AF-1D7E2185E8E7}.TEST_INT_CARGAS|Any CPU.ActiveCfg = Debug|Any CPU
		{0396B5DB-B077-4027-B4AF-1D7E2185E8E7}.TEST_INT_CARGAS|Any CPU.Build.0 = Debug|Any CPU
		{0396B5DB-B077-4027-B4AF-1D7E2185E8E7}.TEST_INT|Any CPU.ActiveCfg = Debug|Any CPU
		{0396B5DB-B077-4027-B4AF-1D7E2185E8E7}.TEST_INT|Any CPU.Build.0 = Debug|Any CPU
		{0396B5DB-B077-4027-B4AF-1D7E2185E8E7}.TEST_PRE|Any CPU.ActiveCfg = Debug|Any CPU
		{0396B5DB-B077-4027-B4AF-1D7E2185E8E7}.TEST_PRE|Any CPU.Build.0 = Debug|Any CPU
	EndGlobalSection
	GlobalSection(SolutionProperties) = preSolution
		HideSolutionNode = FALSE
	EndGlobalSection
	GlobalSection(ExtensibilityGlobals) = postSolution
		SolutionGuid = {C050E88A-E6A1-4493-9D1A-3324270C0059}
	EndGlobalSection
EndGlobal
